
Microsoft Visual Studio Solution File, Format Version 12.00
# Visual Studio 15
VisualStudioVersion = 15.0.28307.539
MinimumVisualStudioVersion = 10.0.40219.1
Project("{FAE04EC0-301F-11D3-BF4B-00C04F79EFBC}") = "nQuant.Master", "nQuant.Master\nQuant.Master.csproj", "{E8E935EA-87B8-4C0C-9A1A-DC7621DC7D75}"
EndProject
Project("{FAE04EC0-301F-11D3-BF4B-00C04F79EFBC}") = "nQuant.Console", "nQuant.Console\nQuant.Console.csproj", "{1EEAF727-E902-43F1-9ABA-D44C6EB9201B}"
EndProject
Global
	GlobalSection(SolutionConfigurationPlatforms) = preSolution
		Debug|Any CPU = Debug|Any CPU
		Release|Any CPU = Release|Any CPU
	EndGlobalSection
	GlobalSection(ProjectConfigurationPlatforms) = postSolution
		{E8E935EA-87B8-4C0C-9A1A-DC7621DC7D75}.Debug|Any CPU.ActiveCfg = Debug|Any CPU
		{E8E935EA-87B8-4C0C-9A1A-DC7621DC7D75}.Debug|Any CPU.Build.0 = Debug|Any CPU
		{E8E935EA-87B8-4C0C-9A1A-DC7621DC7D75}.Release|Any CPU.ActiveCfg = Release|Any CPU
		{E8E935EA-87B8-4C0C-9A1A-DC7621DC7D75}.Release|Any CPU.Build.0 = Release|Any CPU
		{1EEAF727-E902-43F1-9ABA-D44C6EB9201B}.Debug|Any CPU.ActiveCfg = Debug|Any CPU
		{1EEAF727-E902-43F1-9ABA-D44C6EB9201B}.Debug|Any CPU.Build.0 = Debug|Any CPU
		{1EEAF727-E902-43F1-9ABA-D44C6EB9201B}.Release|Any CPU.ActiveCfg = Release|Any CPU
		{1EEAF727-E902-43F1-9ABA-D44C6EB9201B}.Release|Any CPU.Build.0 = Release|Any CPU
	EndGlobalSection
	GlobalSection(SolutionProperties) = preSolution
		HideSolutionNode = FALSE
	EndGlobalSection
	GlobalSection(ExtensibilityGlobals) = postSolution
		SolutionGuid = {B6A98A0E-37DB-45E6-86D7-FFA2F191469A}
	EndGlobalSection
EndGlobal
